
Microsoft Visual Studio Solution File, Format Version 12.00
# Visual Studio Version 17
VisualStudioVersion = 17.5.002.0
MinimumVisualStudioVersion = 10.0.40219.1
Project("{9A19103F-16F7-4668-BE54-9A1E7A4F7556}") = "DesafioFundamentos", "DesafioFundamentos\DesafioFundamentos.csproj", "{251709BA-8DEF-4485-9E1D-95A4F075A2A0}"
EndProject
Global
	GlobalSection(SolutionConfigurationPlatforms) = preSolution
		Debug|Any CPU = Debug|Any CPU
		Release|Any CPU = Release|Any CPU
	EndGlobalSection
	GlobalSection(ProjectConfigurationPlatforms) = postSolution
		{251709BA-8DEF-4485-9E1D-95A4F075A2A0}.Debug|Any CPU.ActiveCfg = Debug|Any CPU
		{251709BA-8DEF-4485-9E1D-95A4F075A2A0}.Debug|Any CPU.Build.0 = Debug|Any CPU
		{251709BA-8DEF-4485-9E1D-95A4F075A2A0}.Release|Any CPU.ActiveCfg = Release|Any CPU
		{251709BA-8DEF-4485-9E1D-95A4F075A2A0}.Release|Any CPU.Build.0 = Release|Any CPU
	EndGlobalSection
	GlobalSection(SolutionProperties) = preSolution
		HideSolutionNode = FALSE
	EndGlobalSection
	GlobalSection(ExtensibilityGlobals) = postSolution
		SolutionGuid = {AFDD0E4D-66BB-4829-AE65-B57EE1A9704F}
	EndGlobalSection
EndGlobal
