
Microsoft Visual Studio Solution File, Format Version 12.00
# Visual Studio Version 17
VisualStudioVersion = 17.5.002.0
MinimumVisualStudioVersion = 10.0.40219.1
Project("{9A19103F-16F7-4668-BE54-9A1E7A4F7556}") = "DesafioFundamentos", "DesafioFundamentos\DesafioFundamentos.csproj", "{39973241-BDB6-4512-A816-1423E5C91BDF}"
EndProject
Global
	GlobalSection(SolutionConfigurationPlatforms) = preSolution
		Debug|Any CPU = Debug|Any CPU
		Release|Any CPU = Release|Any CPU
	EndGlobalSection
	GlobalSection(ProjectConfigurationPlatforms) = postSolution
		{39973241-BDB6-4512-A816-1423E5C91BDF}.Debug|Any CPU.ActiveCfg = Debug|Any CPU
		{39973241-BDB6-4512-A816-1423E5C91BDF}.Debug|Any CPU.Build.0 = Debug|Any CPU
		{39973241-BDB6-4512-A816-1423E5C91BDF}.Release|Any CPU.ActiveCfg = Release|Any CPU
		{39973241-BDB6-4512-A816-1423E5C91BDF}.Release|Any CPU.Build.0 = Release|Any CPU
	EndGlobalSection
	GlobalSection(SolutionProperties) = preSolution
		HideSolutionNode = FALSE
	EndGlobalSection
	GlobalSection(ExtensibilityGlobals) = postSolution
		SolutionGuid = {E973B70A-D29F-4C7E-9733-7515199FF0A4}
	EndGlobalSection
EndGlobal
