
Microsoft Visual Studio Solution File, Format Version 12.00
# Visual Studio Version 17
VisualStudioVersion = 17.5.002.0
MinimumVisualStudioVersion = 10.0.40219.1
Project("{9A19103F-16F7-4668-BE54-9A1E7A4F7556}") = "DesafioFundamentos", "DesafioFundamentos\DesafioFundamentos.csproj", "{3B94EEB4-8151-436B-A673-E3D82571A82B}"
EndProject
Global
	GlobalSection(SolutionConfigurationPlatforms) = preSolution
		Debug|Any CPU = Debug|Any CPU
		Release|Any CPU = Release|Any CPU
	EndGlobalSection
	GlobalSection(ProjectConfigurationPlatforms) = postSolution
		{3B94EEB4-8151-436B-A673-E3D82571A82B}.Debug|Any CPU.ActiveCfg = Debug|Any CPU
		{3B94EEB4-8151-436B-A673-E3D82571A82B}.Debug|Any CPU.Build.0 = Debug|Any CPU
		{3B94EEB4-8151-436B-A673-E3D82571A82B}.Release|Any CPU.ActiveCfg = Release|Any CPU
		{3B94EEB4-8151-436B-A673-E3D82571A82B}.Release|Any CPU.Build.0 = Release|Any CPU
	EndGlobalSection
	GlobalSection(SolutionProperties) = preSolution
		HideSolutionNode = FALSE
	EndGlobalSection
	GlobalSection(ExtensibilityGlobals) = postSolution
		SolutionGuid = {8CE26925-6EEC-4C75-A7A9-472F66753B28}
	EndGlobalSection
EndGlobal
