
Microsoft Visual Studio Solution File, Format Version 12.00
# Visual Studio Version 17
VisualStudioVersion = 17.5.002.0
MinimumVisualStudioVersion = 10.0.40219.1
Project("{9A19103F-16F7-4668-BE54-9A1E7A4F7556}") = "DesafioFundamentos", "DesafioFundamentos\DesafioFundamentos.csproj", "{E650669D-63F7-4F99-B74A-5FAB517A10FD}"
EndProject
Global
	GlobalSection(SolutionConfigurationPlatforms) = preSolution
		Debug|Any CPU = Debug|Any CPU
		Release|Any CPU = Release|Any CPU
	EndGlobalSection
	GlobalSection(ProjectConfigurationPlatforms) = postSolution
		{E650669D-63F7-4F99-B74A-5FAB517A10FD}.Debug|Any CPU.ActiveCfg = Debug|Any CPU
		{E650669D-63F7-4F99-B74A-5FAB517A10FD}.Debug|Any CPU.Build.0 = Debug|Any CPU
		{E650669D-63F7-4F99-B74A-5FAB517A10FD}.Release|Any CPU.ActiveCfg = Release|Any CPU
		{E650669D-63F7-4F99-B74A-5FAB517A10FD}.Release|Any CPU.Build.0 = Release|Any CPU
	EndGlobalSection
	GlobalSection(SolutionProperties) = preSolution
		HideSolutionNode = FALSE
	EndGlobalSection
	GlobalSection(ExtensibilityGlobals) = postSolution
		SolutionGuid = {D901F75F-9821-4F18-939D-F835512B9BCF}
	EndGlobalSection
EndGlobal
