
Microsoft Visual Studio Solution File, Format Version 12.00
# Visual Studio Version 17
VisualStudioVersion = 17.5.002.0
MinimumVisualStudioVersion = 10.0.40219.1
Project("{9A19103F-16F7-4668-BE54-9A1E7A4F7556}") = "DesafioFundamentos", "DesafioFundamentos\DesafioFundamentos.csproj", "{A84DA66E-D19C-4A40-B48A-7D418C5D7823}"
EndProject
Global
	GlobalSection(SolutionConfigurationPlatforms) = preSolution
		Debug|Any CPU = Debug|Any CPU
		Release|Any CPU = Release|Any CPU
	EndGlobalSection
	GlobalSection(ProjectConfigurationPlatforms) = postSolution
		{A84DA66E-D19C-4A40-B48A-7D418C5D7823}.Debug|Any CPU.ActiveCfg = Debug|Any CPU
		{A84DA66E-D19C-4A40-B48A-7D418C5D7823}.Debug|Any CPU.Build.0 = Debug|Any CPU
		{A84DA66E-D19C-4A40-B48A-7D418C5D7823}.Release|Any CPU.ActiveCfg = Release|Any CPU
		{A84DA66E-D19C-4A40-B48A-7D418C5D7823}.Release|Any CPU.Build.0 = Release|Any CPU
	EndGlobalSection
	GlobalSection(SolutionProperties) = preSolution
		HideSolutionNode = FALSE
	EndGlobalSection
	GlobalSection(ExtensibilityGlobals) = postSolution
		SolutionGuid = {9FB79255-4CD3-4764-8C93-8DEF69FB1DBD}
	EndGlobalSection
EndGlobal
