
Microsoft Visual Studio Solution File, Format Version 12.00
# Visual Studio Version 17
VisualStudioVersion = 17.5.002.0
MinimumVisualStudioVersion = 10.0.40219.1
Project("{9A19103F-16F7-4668-BE54-9A1E7A4F7556}") = "DesafioFundamentos", "DesafioFundamentos.csproj", "{0554200D-F0BD-4171-8E30-7D92AD90FE2F}"
EndProject
Global
	GlobalSection(SolutionConfigurationPlatforms) = preSolution
		Debug|Any CPU = Debug|Any CPU
		Release|Any CPU = Release|Any CPU
	EndGlobalSection
	GlobalSection(ProjectConfigurationPlatforms) = postSolution
		{0554200D-F0BD-4171-8E30-7D92AD90FE2F}.Debug|Any CPU.ActiveCfg = Debug|Any CPU
		{0554200D-F0BD-4171-8E30-7D92AD90FE2F}.Debug|Any CPU.Build.0 = Debug|Any CPU
		{0554200D-F0BD-4171-8E30-7D92AD90FE2F}.Release|Any CPU.ActiveCfg = Release|Any CPU
		{0554200D-F0BD-4171-8E30-7D92AD90FE2F}.Release|Any CPU.Build.0 = Release|Any CPU
	EndGlobalSection
	GlobalSection(SolutionProperties) = preSolution
		HideSolutionNode = FALSE
	EndGlobalSection
	GlobalSection(ExtensibilityGlobals) = postSolution
		SolutionGuid = {EED15CB3-F2AA-4B63-9471-5A7C3B5EE7E3}
	EndGlobalSection
EndGlobal
