
Microsoft Visual Studio Solution File, Format Version 12.00
# Visual Studio Version 17
VisualStudioVersion = 17.5.002.0
MinimumVisualStudioVersion = 10.0.40219.1
Project("{9A19103F-16F7-4668-BE54-9A1E7A4F7556}") = "DesafioFundamentos", "DesafioFundamentos.csproj", "{4D41A0AF-F5BA-4D88-9C0B-F308E9DCD9B3}"
EndProject
Global
	GlobalSection(SolutionConfigurationPlatforms) = preSolution
		Debug|Any CPU = Debug|Any CPU
		Release|Any CPU = Release|Any CPU
	EndGlobalSection
	GlobalSection(ProjectConfigurationPlatforms) = postSolution
		{4D41A0AF-F5BA-4D88-9C0B-F308E9DCD9B3}.Debug|Any CPU.ActiveCfg = Debug|Any CPU
		{4D41A0AF-F5BA-4D88-9C0B-F308E9DCD9B3}.Debug|Any CPU.Build.0 = Debug|Any CPU
		{4D41A0AF-F5BA-4D88-9C0B-F308E9DCD9B3}.Release|Any CPU.ActiveCfg = Release|Any CPU
		{4D41A0AF-F5BA-4D88-9C0B-F308E9DCD9B3}.Release|Any CPU.Build.0 = Release|Any CPU
	EndGlobalSection
	GlobalSection(SolutionProperties) = preSolution
		HideSolutionNode = FALSE
	EndGlobalSection
	GlobalSection(ExtensibilityGlobals) = postSolution
		SolutionGuid = {2CB0E662-835A-4378-AAED-AF1B05B338C8}
	EndGlobalSection
EndGlobal
