
Microsoft Visual Studio Solution File, Format Version 12.00
# Visual Studio Version 17
VisualStudioVersion = 17.5.002.0
MinimumVisualStudioVersion = 10.0.40219.1
Project("{9A19103F-16F7-4668-BE54-9A1E7A4F7556}") = "DesafioFundamentos", "DesafioFundamentos.csproj", "{7F344D10-559D-4D55-94B7-2800D95F30E4}"
EndProject
Global
	GlobalSection(SolutionConfigurationPlatforms) = preSolution
		Debug|Any CPU = Debug|Any CPU
		Release|Any CPU = Release|Any CPU
	EndGlobalSection
	GlobalSection(ProjectConfigurationPlatforms) = postSolution
		{7F344D10-559D-4D55-94B7-2800D95F30E4}.Debug|Any CPU.ActiveCfg = Debug|Any CPU
		{7F344D10-559D-4D55-94B7-2800D95F30E4}.Debug|Any CPU.Build.0 = Debug|Any CPU
		{7F344D10-559D-4D55-94B7-2800D95F30E4}.Release|Any CPU.ActiveCfg = Release|Any CPU
		{7F344D10-559D-4D55-94B7-2800D95F30E4}.Release|Any CPU.Build.0 = Release|Any CPU
	EndGlobalSection
	GlobalSection(SolutionProperties) = preSolution
		HideSolutionNode = FALSE
	EndGlobalSection
	GlobalSection(ExtensibilityGlobals) = postSolution
		SolutionGuid = {FCDCFC53-7A63-4B4A-8B9B-BA5BF011C15E}
	EndGlobalSection
EndGlobal
